{
    "_meta": {
        "hash": {
            "sha256": "e746a37fd96eda57e1c1942c01ac383258563b66f64937f5c03b5809af3b67cf"
        },
        "pipfile-spec": 6,
        "requires": {
            "python_version": "3.7"
        },
        "sources": [
            {
                "name": "pypi",
                "url": "https://pypi.org/simple",
                "verify_ssl": true
            }
        ]
    },
    "default": {
        "massive-py": {
            "hashes": [
                "sha256:57d0195629b3ec87db31692adfb924840f2386c6cc182668cfaa1d22b9357345"
            ],
            "index": "pypi",
            "version": "==0.2.2"
        }
    },
    "develop": {}
}
